
Microsoft Visual Studio Solution File, Format Version 12.00
# Visual Studio Version 16
VisualStudioVersion = 16.0.30804.86
MinimumVisualStudioVersion = 10.0.40219.1
Project("{FAE04EC0-301F-11D3-BF4B-00C04F79EFBC}") = "Tree", "Tree\Tree.csproj", "{492CD0C6-B1CD-451B-BC47-30766835D848}"
EndProject
Global
	GlobalSection(SolutionConfigurationPlatforms) = preSolution
		Debug|Any CPU = Debug|Any CPU
		Release|Any CPU = Release|Any CPU
	EndGlobalSection
	GlobalSection(ProjectConfigurationPlatforms) = postSolution
		{492CD0C6-B1CD-451B-BC47-30766835D848}.Debug|Any CPU.ActiveCfg = Debug|Any CPU
		{492CD0C6-B1CD-451B-BC47-30766835D848}.Debug|Any CPU.Build.0 = Debug|Any CPU
		{492CD0C6-B1CD-451B-BC47-30766835D848}.Release|Any CPU.ActiveCfg = Release|Any CPU
		{492CD0C6-B1CD-451B-BC47-30766835D848}.Release|Any CPU.Build.0 = Release|Any CPU
	EndGlobalSection
	GlobalSection(SolutionProperties) = preSolution
		HideSolutionNode = FALSE
	EndGlobalSection
	GlobalSection(ExtensibilityGlobals) = postSolution
		SolutionGuid = {262CCD60-7842-4C05-8FD4-E4BC5DD057EF}
	EndGlobalSection
EndGlobal
